{
  "requires": true,
  "lockfileVersion": 1,
  "dependencies": {
    "@babel/runtime": {
      "version": "7.18.0",
      "resolved": "https://registry.npmjs.org/@babel/runtime/-/runtime-7.18.0.tgz",
      "integrity": "sha512-YMQvx/6nKEaucl0MY56mwIG483xk8SDNdlUwb2Ts6FUpr7fm85DxEmsY18LXBNhcTz6tO6JwZV8w1W06v8UKeg==",
      "requires": {
        "regenerator-runtime": "^0.13.4"
      }
    },
    "@babel/runtime-corejs3": {
      "version": "7.17.8",
      "resolved": "https://registry.npmjs.org/@babel/runtime-corejs3/-/runtime-corejs3-7.17.8.tgz",
      "integrity": "sha512-ZbYSUvoSF6dXZmMl/CYTMOvzIFnbGfv4W3SEHYgMvNsFTeLaF2gkGAF4K2ddmtSK4Emej+0aYcnSC6N5dPCXUQ==",
      "requires": {
        "core-js-pure": "^3.20.2",
        "regenerator-runtime": "^0.13.4"
      }
    },
    "@remix-run/router": {
      "version": "1.0.2",
      "resolved": "https://registry.npmjs.org/@remix-run/router/-/router-1.0.2.tgz",
      "integrity": "sha512-GRSOFhJzjGN+d4sKHTMSvNeUPoZiDHWmRnXfzaxrqe7dE/Nzlc8BiMSJdLDESZlndM7jIUrZ/F4yWqVYlI0rwQ=="
    },
    "core-js-pure": {
      "version": "3.26.0",
      "resolved": "https://registry.npmjs.org/core-js-pure/-/core-js-pure-3.26.0.tgz",
      "integrity": "sha512-LiN6fylpVBVwT8twhhluD9TzXmZQQsr2I2eIKtWNbZI1XMfBT7CV18itaN6RA7EtQd/SDdRx/wzvAShX2HvhQA=="
    },
    "crypto-js": {
      "version": "4.1.1",
      "resolved": "https://registry.npmjs.org/crypto-js/-/crypto-js-4.1.1.tgz",
      "integrity": "sha512-o2JlM7ydqd3Qk9CA0L4NL6mTzU2sdx96a+oOfPu8Mkl/PK51vSyoi8/rQ8NknZtk44vq15lmhAj9CIAGwgeWKw=="
    },
    "idb-keyval": {
      "version": "6.0.3",
      "resolved": "https://registry.npmjs.org/idb-keyval/-/idb-keyval-6.0.3.tgz",
      "integrity": "sha512-yh8V7CnE6EQMu9YDwQXhRxwZh4nv+8xm/HV4ZqK4IiYFJBWYGjJuykADJbSP+F/GDXUBwCSSNn/14IpGL81TuA==",
      "requires": {
        "safari-14-idb-fix": "^3.0.0"
      }
    },
    "parse": {
      "version": "3.4.0",
      "resolved": "https://registry.npmjs.org/parse/-/parse-3.4.0.tgz",
      "integrity": "sha512-FMZLxPW6PvrBgxkXc9AmnYsFKvPwiS4G2n9OI4mdfiSoNzIVLc+bXzlUdJ+I7hiqHsBTP0BrdQczw2/cnVkJ6w==",
      "requires": {
        "@babel/runtime": "7.15.4",
        "@babel/runtime-corejs3": "7.14.7",
        "crypto-js": "4.1.1",
        "idb-keyval": "5.0.6",
        "react-native-crypto-js": "1.0.0",
        "uuid": "3.4.0",
        "ws": "7.5.1",
        "xmlhttprequest": "1.8.0"
      },
      "dependencies": {
        "@babel/runtime": {
          "version": "7.15.4",
          "resolved": "https://registry.npmjs.org/@babel/runtime/-/runtime-7.15.4.tgz",
          "integrity": "sha512-99catp6bHCaxr4sJ/DbTGgHS4+Rs2RVd2g7iOap6SLGPDknRK9ztKNsE/Fg6QhSeh1FGE5f6gHGQmvvn3I3xhw==",
          "requires": {
            "regenerator-runtime": "^0.13.4"
          }
        },
        "@babel/runtime-corejs3": {
          "version": "7.14.7",
          "resolved": "https://registry.npmjs.org/@babel/runtime-corejs3/-/runtime-corejs3-7.14.7.tgz",
          "integrity": "sha512-Wvzcw4mBYbTagyBVZpAJWI06auSIj033T/yNE0Zn1xcup83MieCddZA7ls3kme17L4NOGBrQ09Q+nKB41RLWBA==",
          "requires": {
            "core-js-pure": "^3.15.0",
            "regenerator-runtime": "^0.13.4"
          }
        },
        "idb-keyval": {
          "version": "5.0.6",
          "resolved": "https://registry.npmjs.org/idb-keyval/-/idb-keyval-5.0.6.tgz",
          "integrity": "sha512-6lJuVbwyo82mKSH6Wq2eHkt9LcbwHAelMIcMe0tP4p20Pod7tTxq9zf0ge2n/YDfMOpDryerfmmYyuQiaFaKOg=="
        },
        "ws": {
          "version": "7.5.1",
          "resolved": "https://registry.npmjs.org/ws/-/ws-7.5.1.tgz",
          "integrity": "sha512-2c6faOUH/nhoQN6abwMloF7Iyl0ZS2E9HGtsiLrWn0zOOMWlhtDmdf/uihDt6jnuCxgtwGBNy6Onsoy2s2O2Ow=="
        }
      }
    },
    "react-icons": {
      "version": "4.6.0",
      "resolved": "https://registry.npmjs.org/react-icons/-/react-icons-4.6.0.tgz",
      "integrity": "sha512-rR/L9m9340yO8yv1QT1QurxWQvWpbNHqVX0fzMln2HEb9TEIrQRGsqiNFQfiv9/JEUbyHmHPlNTB2LWm2Ttz0g=="
    },
    "react-native-crypto-js": {
      "version": "1.0.0",
      "resolved": "https://registry.npmjs.org/react-native-crypto-js/-/react-native-crypto-js-1.0.0.tgz",
      "integrity": "sha512-FNbLuG/HAdapQoybeZSoes1PWdOj0w242gb+e1R0hicf3Gyj/Mf8M9NaED2AnXVOX01b2FXomwUiw1xP1K+8sA=="
    },
    "react-router": {
      "version": "6.4.2",
      "resolved": "https://registry.npmjs.org/react-router/-/react-router-6.4.2.tgz",
      "integrity": "sha512-Rb0BAX9KHhVzT1OKhMvCDMw776aTYM0DtkxqUBP8dNBom3mPXlfNs76JNGK8wKJ1IZEY1+WGj+cvZxHVk/GiKw==",
      "requires": {
        "@remix-run/router": "1.0.2"
      }
    },
    "react-router-dom": {
      "version": "6.4.2",
      "resolved": "https://registry.npmjs.org/react-router-dom/-/react-router-dom-6.4.2.tgz",
      "integrity": "sha512-yM1kjoTkpfjgczPrcyWrp+OuQMyB1WleICiiGfstnQYo/S8hPEEnVjr/RdmlH6yKK4Tnj1UGXFSa7uwAtmDoLQ==",
      "requires": {
        "@remix-run/router": "1.0.2",
        "react-router": "6.4.2"
      }
    },
    "regenerator-runtime": {
      "version": "0.13.10",
      "resolved": "https://registry.npmjs.org/regenerator-runtime/-/regenerator-runtime-0.13.10.tgz",
      "integrity": "sha512-KepLsg4dU12hryUO7bp/axHAKvwGOCV0sGloQtpagJ12ai+ojVDqkeGSiRX1zlq+kjIMZ1t7gpze+26QqtdGqw=="
    },
    "safari-14-idb-fix": {
      "version": "3.0.0",
      "resolved": "https://registry.npmjs.org/safari-14-idb-fix/-/safari-14-idb-fix-3.0.0.tgz",
      "integrity": "sha512-eBNFLob4PMq8JA1dGyFn6G97q3/WzNtFK4RnzT1fnLq+9RyrGknzYiM/9B12MnKAxuj1IXr7UKYtTNtjyKMBog=="
    },
    "uuid": {
      "version": "3.4.0",
      "resolved": "https://registry.npmjs.org/uuid/-/uuid-3.4.0.tgz",
      "integrity": "sha512-HjSDRw6gZE5JMggctHBcjVak08+KEVhSIiDzFnT9S9aegmp85S/bReBVTb4QTFaRNptJ9kuYaNhnbNEOkbKb/A=="
    },
    "ws": {
      "version": "8.6.0",
      "resolved": "https://registry.npmjs.org/ws/-/ws-8.6.0.tgz",
      "integrity": "sha512-AzmM3aH3gk0aX7/rZLYvjdvZooofDu3fFOzGqcSnQ1tOcTWwhM/o+q++E8mAyVVIyUdajrkzWUGftaVSDLn1bw=="
    },
    "xmlhttprequest": {
      "version": "1.8.0",
      "resolved": "https://registry.npmjs.org/xmlhttprequest/-/xmlhttprequest-1.8.0.tgz",
      "integrity": "sha512-58Im/U0mlVBLM38NdZjHyhuMtCqa61469k2YP/AaPbvCoV9aQGUpbJBj1QRm2ytRiVQBD/fsw7L2bJGDVQswBA=="
    }
  }
}
